
Microsoft Visual Studio Solution File, Format Version 12.00
# Visual Studio Version 16
VisualStudioVersion = 16.0.29920.165
MinimumVisualStudioVersion = 10.0.40219.1
Project("{FAE04EC0-301F-11D3-BF4B-00C04F79EFBC}") = "CarlaMulligan_S00186667", "CarlaMulligan_S00186667\CarlaMulligan_S00186667.csproj", "{DCB5C8FF-8379-49FB-8D88-1F84A31DA328}"
EndProject
Project("{FAE04EC0-301F-11D3-BF4B-00C04F79EFBC}") = "UnitTestProject1", "UnitTestProject1\UnitTestProject1.csproj", "{4627D5F9-2BB7-4AAF-B3C1-98550D38050B}"
EndProject
Project("{FAE04EC0-301F-11D3-BF4B-00C04F79EFBC}") = "DataManagement", "DataManagement\DataManagement.csproj", "{022888F8-C3EF-4330-876B-1B01254557EC}"
EndProject
Global
	GlobalSection(SolutionConfigurationPlatforms) = preSolution
		Debug|Any CPU = Debug|Any CPU
		Release|Any CPU = Release|Any CPU
	EndGlobalSection
	GlobalSection(ProjectConfigurationPlatforms) = postSolution
		{DCB5C8FF-8379-49FB-8D88-1F84A31DA328}.Debug|Any CPU.ActiveCfg = Debug|Any CPU
		{DCB5C8FF-8379-49FB-8D88-1F84A31DA328}.Debug|Any CPU.Build.0 = Debug|Any CPU
		{DCB5C8FF-8379-49FB-8D88-1F84A31DA328}.Release|Any CPU.ActiveCfg = Release|Any CPU
		{DCB5C8FF-8379-49FB-8D88-1F84A31DA328}.Release|Any CPU.Build.0 = Release|Any CPU
		{4627D5F9-2BB7-4AAF-B3C1-98550D38050B}.Debug|Any CPU.ActiveCfg = Debug|Any CPU
		{4627D5F9-2BB7-4AAF-B3C1-98550D38050B}.Debug|Any CPU.Build.0 = Debug|Any CPU
		{4627D5F9-2BB7-4AAF-B3C1-98550D38050B}.Release|Any CPU.ActiveCfg = Release|Any CPU
		{4627D5F9-2BB7-4AAF-B3C1-98550D38050B}.Release|Any CPU.Build.0 = Release|Any CPU
		{022888F8-C3EF-4330-876B-1B01254557EC}.Debug|Any CPU.ActiveCfg = Debug|Any CPU
		{022888F8-C3EF-4330-876B-1B01254557EC}.Debug|Any CPU.Build.0 = Debug|Any CPU
		{022888F8-C3EF-4330-876B-1B01254557EC}.Release|Any CPU.ActiveCfg = Release|Any CPU
		{022888F8-C3EF-4330-876B-1B01254557EC}.Release|Any CPU.Build.0 = Release|Any CPU
	EndGlobalSection
	GlobalSection(SolutionProperties) = preSolution
		HideSolutionNode = FALSE
	EndGlobalSection
	GlobalSection(ExtensibilityGlobals) = postSolution
		SolutionGuid = {35D8EFC4-6BCB-43D6-B57E-7B492B0721DA}
	EndGlobalSection
EndGlobal
